
Microsoft Visual Studio Solution File, Format Version 12.00
# Visual Studio 15
VisualStudioVersion = 15.0.28307.136
MinimumVisualStudioVersion = 10.0.40219.1
Project("{FAE04EC0-301F-11D3-BF4B-00C04F79EFBC}") = "ZombieRush", "ZombieRush\ZombieRush.csproj", "{1F45063B-6936-4FC2-944D-C2A48E40B6FB}"
EndProject
Global
	GlobalSection(SolutionConfigurationPlatforms) = preSolution
		Debug|Any CPU = Debug|Any CPU
		Release|Any CPU = Release|Any CPU
	EndGlobalSection
	GlobalSection(ProjectConfigurationPlatforms) = postSolution
		{1F45063B-6936-4FC2-944D-C2A48E40B6FB}.Debug|Any CPU.ActiveCfg = Debug|Any CPU
		{1F45063B-6936-4FC2-944D-C2A48E40B6FB}.Debug|Any CPU.Build.0 = Debug|Any CPU
		{1F45063B-6936-4FC2-944D-C2A48E40B6FB}.Release|Any CPU.ActiveCfg = Release|Any CPU
		{1F45063B-6936-4FC2-944D-C2A48E40B6FB}.Release|Any CPU.Build.0 = Release|Any CPU
	EndGlobalSection
	GlobalSection(SolutionProperties) = preSolution
		HideSolutionNode = FALSE
	EndGlobalSection
	GlobalSection(ExtensibilityGlobals) = postSolution
		SolutionGuid = {CFC1071D-B87D-447B-8696-E6E85FA6A966}
	EndGlobalSection
EndGlobal
